asgiref==3.12.1
certifi==2026.7.22
cffi==2.1.0
charset-normalizer==3.4.9
coverage==7.15.2
cryptography==49.0.0
Django==5.2.16
dj-database-url==3.1.2
django-cors-headers==4.9.0
django-filter==24.3
django-unfold==0.102.0
djangorestframework==3.17.1
djangorestframework_simplejwt==5.5.1
et_xmlfile==2.0.0
google-auth==2.56.2
gunicorn==23.0.0
idna==3.18
openpyxl==3.1.5
packaging==26.2
pillow==11.3.0
psycopg==3.3.4
psycopg-binary==3.3.4
pyasn1==0.6.4
pyasn1_modules==0.4.2
pycparser==3.0
PyJWT==2.13.0
requests==2.34.2
ruff==0.16.1
sqlparse==0.5.5
typing_extensions==4.16.0
tzdata==2026.3
urllib3==2.7.0
whitenoise==6.12.0
